// !$*UTF8*$!
{
	archiveVersion = 1;
	classes = {
	};
	objectVersion = 46;
	objects = {

/* Begin PBXBuildFile section */
		0BE02F5CD93607CAD28B61E4 /* Pods.framework in Frameworks */ = {isa = PBXBuildFile; fileRef = 1E1B9F71B7F8A3007EFAD6E6 /* Pods.framework */; settings = {ATTRIBUTES = (Weak, ); }; };
		9203E68D1B0063FD00407F66 /* ShareSDKContentController.m in Sources */ = {isa = PBXBuildFile; fileRef = 9203E68C1B0063FD00407F66 /* ShareSDKContentController.m */; };
		9223DD311B15692E0072BFF1 /* VCBaseViewController.swift in Sources */ = {isa = PBXBuildFile; fileRef = 9223DD301B15692E0072BFF1 /* VCBaseViewController.swift */; };
		922412911B1FE2C20049A9B5 /* FoodDetailScrollView.swift in Sources */ = {isa = PBXBuildFile; fileRef = 922412901B1FE2C20049A9B5 /* FoodDetailScrollView.swift */; };
		922412951B200D560049A9B5 /* SMSegment.swift in Sources */ = {isa = PBXBuildFile; fileRef = 922412931B200D560049A9B5 /* SMSegment.swift */; };
		922412961B200D560049A9B5 /* SMSegmentView.swift in Sources */ = {isa = PBXBuildFile; fileRef = 922412941B200D560049A9B5 /* SMSegmentView.swift */; };
		922412A41B20122A0049A9B5 /* bulb_light.png in Resources */ = {isa = PBXBuildFile; fileRef = 922412981B20122A0049A9B5 /* bulb_light.png */; };
		922412A51B20122A0049A9B5 /* bulb_light@2x.png in Resources */ = {isa = PBXBuildFile; fileRef = 922412991B20122A0049A9B5 /* bulb_light@2x.png */; };
		922412A61B20122A0049A9B5 /* bulb.png in Resources */ = {isa = PBXBuildFile; fileRef = 9224129A1B20122A0049A9B5 /* bulb.png */; };
		922412A71B20122A0049A9B5 /* bulb@2x.png in Resources */ = {isa = PBXBuildFile; fileRef = 9224129B1B20122A0049A9B5 /* bulb@2x.png */; };
		922412A81B20122A0049A9B5 /* clip_light.png in Resources */ = {isa = PBXBuildFile; fileRef = 9224129C1B20122A0049A9B5 /* clip_light.png */; };
		922412A91B20122A0049A9B5 /* clip_light@2x.png in Resources */ = {isa = PBXBuildFile; fileRef = 9224129D1B20122A0049A9B5 /* clip_light@2x.png */; };
		922412AA1B20122A0049A9B5 /* clip.png in Resources */ = {isa = PBXBuildFile; fileRef = 9224129E1B20122A0049A9B5 /* clip.png */; };
		922412AB1B20122A0049A9B5 /* clip@2x.png in Resources */ = {isa = PBXBuildFile; fileRef = 9224129F1B20122A0049A9B5 /* clip@2x.png */; };
		922412AC1B20122A0049A9B5 /* cloud_light.png in Resources */ = {isa = PBXBuildFile; fileRef = 922412A01B20122A0049A9B5 /* cloud_light.png */; };
		922412AD1B20122A0049A9B5 /* cloud_light@2x.png in Resources */ = {isa = PBXBuildFile; fileRef = 922412A11B20122A0049A9B5 /* cloud_light@2x.png */; };
		922412AE1B20122A0049A9B5 /* cloud.png in Resources */ = {isa = PBXBuildFile; fileRef = 922412A21B20122A0049A9B5 /* cloud.png */; };
		922412AF1B20122A0049A9B5 /* cloud@2x.png in Resources */ = {isa = PBXBuildFile; fileRef = 922412A31B20122A0049A9B5 /* cloud@2x.png */; };
		9227E2C51AE8DCCC008C6381 /* AppDelegate.swift in Sources */ = {isa = PBXBuildFile; fileRef = 9227E2C41AE8DCCC008C6381 /* AppDelegate.swift */; };
		9227E2C81AE8DCCC008C6381 /* iMenu3.xcdatamodeld in Sources */ = {isa = PBXBuildFile; fileRef = 9227E2C61AE8DCCC008C6381 /* iMenu3.xcdatamodeld */; };
		9227E2CD1AE8DCCC008C6381 /* Main.storyboard in Resources */ = {isa = PBXBuildFile; fileRef = 9227E2CB1AE8DCCC008C6381 /* Main.storyboard */; };
		9227E2CF1AE8DCCC008C6381 /* Images.xcassets in Resources */ = {isa = PBXBuildFile; fileRef = 9227E2CE1AE8DCCC008C6381 /* Images.xcassets */; };
		9227E2D21AE8DCCC008C6381 /* LaunchScreen.xib in Resources */ = {isa = PBXBuildFile; fileRef = 9227E2D01AE8DCCC008C6381 /* LaunchScreen.xib */; };
		9227E2DE1AE8DCCC008C6381 /* iMenu3Tests.swift in Sources */ = {isa = PBXBuildFile; fileRef = 9227E2DD1AE8DCCC008C6381 /* iMenu3Tests.swift */; };
		9227E2E81AE8DDD9008C6381 /* FoodListController.swift in Sources */ = {isa = PBXBuildFile; fileRef = 9227E2E71AE8DDD9008C6381 /* FoodListController.swift */; };
		9227E2EE1AE8E4AE008C6381 /* FoodListTableViewCell.swift in Sources */ = {isa = PBXBuildFile; fileRef = 9227E2ED1AE8E4AE008C6381 /* FoodListTableViewCell.swift */; };
		9259050B1B098EEE00F343D4 /* UserInfoHeaderView.swift in Sources */ = {isa = PBXBuildFile; fileRef = 9259050A1B098EEE00F343D4 /* UserInfoHeaderView.swift */; };
		9267443F1B1855C60075EDB5 /* EditUserInfoViewController.swift in Sources */ = {isa = PBXBuildFile; fileRef = 9267443E1B1855C60075EDB5 /* EditUserInfoViewController.swift */; };
		927779D61B0B02F3002A50EB /* FloatLabelTextField.swift in Sources */ = {isa = PBXBuildFile; fileRef = 927779D41B0B02F3002A50EB /* FloatLabelTextField.swift */; };
		927779D71B0B02F3002A50EB /* FloatLabelTextView.swift in Sources */ = {isa = PBXBuildFile; fileRef = 927779D51B0B02F3002A50EB /* FloatLabelTextView.swift */; };
		927779DC1B0B0304002A50EB /* CTMemCache.swift in Sources */ = {isa = PBXBuildFile; fileRef = 927779D91B0B0304002A50EB /* CTMemCache.swift */; };
		927779DD1B0B0304002A50EB /* FlatUIColor.swift in Sources */ = {isa = PBXBuildFile; fileRef = 927779DA1B0B0304002A50EB /* FlatUIColor.swift */; };
		927779DE1B0B0304002A50EB /* JSSAlertView.swift in Sources */ = {isa = PBXBuildFile; fileRef = 927779DB1B0B0304002A50EB /* JSSAlertView.swift */; };
		9280E4481B14444B00959798 /* Reachability.swift in Sources */ = {isa = PBXBuildFile; fileRef = 9280E4471B14444B00959798 /* Reachability.swift */; };
		9282050B1AEDE1330067BB92 /* BreezeStore+Defaults.swift in Sources */ = {isa = PBXBuildFile; fileRef = 928205021AEDE1330067BB92 /* BreezeStore+Defaults.swift */; };
		9282050C1AEDE1330067BB92 /* BreezeStore+iCloud.swift in Sources */ = {isa = PBXBuildFile; fileRef = 928205031AEDE1330067BB92 /* BreezeStore+iCloud.swift */; };
		9282050D1AEDE1330067BB92 /* BreezeStore+Saving.swift in Sources */ = {isa = PBXBuildFile; fileRef = 928205041AEDE1330067BB92 /* BreezeStore+Saving.swift */; };
		9282050E1AEDE1330067BB92 /* BreezeStore.swift in Sources */ = {isa = PBXBuildFile; fileRef = 928205051AEDE1330067BB92 /* BreezeStore.swift */; };
		9282050F1AEDE1330067BB92 /* Info.plist in Resources */ = {isa = PBXBuildFile; fileRef = 928205061AEDE1330067BB92 /* Info.plist */; };
		928205101AEDE1330067BB92 /* NSManagedObject+Creating.swift in Sources */ = {isa = PBXBuildFile; fileRef = 928205071AEDE1330067BB92 /* NSManagedObject+Creating.swift */; };
		928205111AEDE1330067BB92 /* NSManagedObject+Deleting.swift in Sources */ = {isa = PBXBuildFile; fileRef = 928205081AEDE1330067BB92 /* NSManagedObject+Deleting.swift */; };
		928205121AEDE1330067BB92 /* NSManagedObject+Finding.swift in Sources */ = {isa = PBXBuildFile; fileRef = 928205091AEDE1330067BB92 /* NSManagedObject+Finding.swift */; };
		928205131AEDE1330067BB92 /* NSManagedObjectContext+Breeze.swift in Sources */ = {isa = PBXBuildFile; fileRef = 9282050A1AEDE1330067BB92 /* NSManagedObjectContext+Breeze.swift */; };
		9284A12E1AF0AECD00E662B2 /* active.png in Resources */ = {isa = PBXBuildFile; fileRef = 9284A11E1AF0AECD00E662B2 /* active.png */; };
		9284A12F1AF0AECD00E662B2 /* adventurous.png in Resources */ = {isa = PBXBuildFile; fileRef = 9284A11F1AF0AECD00E662B2 /* adventurous.png */; };
		9284A1301AF0AECD00E662B2 /* happy.png in Resources */ = {isa = PBXBuildFile; fileRef = 9284A1201AF0AECD00E662B2 /* happy.png */; };
		9284A1311AF0AECD00E662B2 /* hungry.png in Resources */ = {isa = PBXBuildFile; fileRef = 9284A1211AF0AECD00E662B2 /* hungry.png */; };
		9284A1321AF0AECD00E662B2 /* loved.png in Resources */ = {isa = PBXBuildFile; fileRef = 9284A1221AF0AECD00E662B2 /* loved.png */; };
		9284A1331AF0AECD00E662B2 /* mood1.jpg in Resources */ = {isa = PBXBuildFile; fileRef = 9284A1231AF0AECD00E662B2 /* mood1.jpg */; };
		9284A1341AF0AECD00E662B2 /* mood2.jpg in Resources */ = {isa = PBXBuildFile; fileRef = 9284A1241AF0AECD00E662B2 /* mood2.jpg */; };
		9284A1351AF0AECD00E662B2 /* mood3.jpg in Resources */ = {isa = PBXBuildFile; fileRef = 9284A1251AF0AECD00E662B2 /* mood3.jpg */; };
		9284A1361AF0AECD00E662B2 /* mood4.jpg in Resources */ = {isa = PBXBuildFile; fileRef = 9284A1261AF0AECD00E662B2 /* mood4.jpg */; };
		9284A1371AF0AECD00E662B2 /* mood5.jpg in Resources */ = {isa = PBXBuildFile; fileRef = 9284A1271AF0AECD00E662B2 /* mood5.jpg */; };
		9284A1381AF0AECD00E662B2 /* mood6.jpg in Resources */ = {isa = PBXBuildFile; fileRef = 9284A1281AF0AECD00E662B2 /* mood6.jpg */; };
		9284A1391AF0AECD00E662B2 /* mood7.jpg in Resources */ = {isa = PBXBuildFile; fileRef = 9284A1291AF0AECD00E662B2 /* mood7.jpg */; };
		9284A13A1AF0AECD00E662B2 /* mood8.jpg in Resources */ = {isa = PBXBuildFile; fileRef = 9284A12A1AF0AECD00E662B2 /* mood8.jpg */; };
		9284A13B1AF0AECD00E662B2 /* playful.png in Resources */ = {isa = PBXBuildFile; fileRef = 9284A12B1AF0AECD00E662B2 /* playful.png */; };
		9284A13C1AF0AECD00E662B2 /* relax.png in Resources */ = {isa = PBXBuildFile; fileRef = 9284A12C1AF0AECD00E662B2 /* relax.png */; };
		9284A13D1AF0AECD00E662B2 /* wealthy.png in Resources */ = {isa = PBXBuildFile; fileRef = 9284A12D1AF0AECD00E662B2 /* wealthy.png */; };
		9284A13F1AF0AF2500E662B2 /* FoodCollectionsViewController.swift in Sources */ = {isa = PBXBuildFile; fileRef = 9284A13E1AF0AF2500E662B2 /* FoodCollectionsViewController.swift */; };
		9284A1411AF0AF5400E662B2 /* FoodCollectionsViewCell.swift in Sources */ = {isa = PBXBuildFile; fileRef = 9284A1401AF0AF5400E662B2 /* FoodCollectionsViewCell.swift */; };
		9284A1451AF0CFCF00E662B2 /* VCAppLetor.swift in Sources */ = {isa = PBXBuildFile; fileRef = 9284A1441AF0CFCF00E662B2 /* VCAppLetor.swift */; };
		9284A14B1AF1B98100E662B2 /* VCheckGo.swift in Sources */ = {isa = PBXBuildFile; fileRef = 9284A14A1AF1B98100E662B2 /* VCheckGo.swift */; };
		928633751B0AE43B0040CBA2 /* UserPanelViewController.swift in Sources */ = {isa = PBXBuildFile; fileRef = 928633741B0AE43B0040CBA2 /* UserPanelViewController.swift */; };
		928633801B0AE6070040CBA2 /* Settings.swift in Sources */ = {isa = PBXBuildFile; fileRef = 9286337F1B0AE6070040CBA2 /* Settings.swift */; };
		928B2FBA1B2150AF001FA746 /* FoodViewerViewController.swift in Sources */ = {isa = PBXBuildFile; fileRef = 928B2FB91B2150AF001FA746 /* FoodViewerViewController.swift */; };
		9293BBC91B018ECC0034F3C5 /* RegisterViewController.swift in Sources */ = {isa = PBXBuildFile; fileRef = 9293BBC81B018ECC0034F3C5 /* RegisterViewController.swift */; };
		9293BBCB1B01A1D80034F3C5 /* CustomDrawView.swift in Sources */ = {isa = PBXBuildFile; fileRef = 9293BBCA1B01A1D80034F3C5 /* CustomDrawView.swift */; };
		92987A5F1AFD1906001576B9 /* ResetMyPasscodeViewController.swift in Sources */ = {isa = PBXBuildFile; fileRef = 92987A5E1AFD1906001576B9 /* ResetMyPasscodeViewController.swift */; };
		929DCAC21B0578800050B63F /* VCTermsViewController.swift in Sources */ = {isa = PBXBuildFile; fileRef = 929DCAC11B0578800050B63F /* VCTermsViewController.swift */; };
		929DCAC41B0588B90050B63F /* RegSetPassViewController.swift in Sources */ = {isa = PBXBuildFile; fileRef = 929DCAC31B0588B80050B63F /* RegSetPassViewController.swift */; };
		92B0F0ED1B12FF2E009F368B /* StringExt.swift in Sources */ = {isa = PBXBuildFile; fileRef = 92B0F0EC1B12FF2E009F368B /* StringExt.swift */; };
		92B10EC51B00993C00E0674F /* Member.swift in Sources */ = {isa = PBXBuildFile; fileRef = 92B10EC41B00993C00E0674F /* Member.swift */; };
		92BD603C1B05DE8900649DDF /* UserInfoViewController.swift in Sources */ = {isa = PBXBuildFile; fileRef = 92BD603B1B05DE8900649DDF /* UserInfoViewController.swift */; };
		92BD603E1B05DEDF00649DDF /* UserInfoCell.swift in Sources */ = {isa = PBXBuildFile; fileRef = 92BD603D1B05DEDF00649DDF /* UserInfoCell.swift */; };
		92CF816E1AFB441300625641 /* wechat.png in Resources */ = {isa = PBXBuildFile; fileRef = 92CF816C1AFB441300625641 /* wechat.png */; };
		92CF816F1AFB441300625641 /* weibo.png in Resources */ = {isa = PBXBuildFile; fileRef = 92CF816D1AFB441300625641 /* weibo.png */; };
		92CFFB251AF774F700C9AA7D /* UserPanelTableViewCell.swift in Sources */ = {isa = PBXBuildFile; fileRef = 92CFFB241AF774F700C9AA7D /* UserPanelTableViewCell.swift */; };
		92CFFB2F1AF8663400C9AA7D /* cards.png in Resources */ = {isa = PBXBuildFile; fileRef = 92CFFB271AF8663300C9AA7D /* cards.png */; };
		92CFFB301AF8663400C9AA7D /* coffee.png in Resources */ = {isa = PBXBuildFile; fileRef = 92CFFB281AF8663300C9AA7D /* coffee.png */; };
		92CFFB311AF8663400C9AA7D /* gift.png in Resources */ = {isa = PBXBuildFile; fileRef = 92CFFB291AF8663300C9AA7D /* gift.png */; };
		92CFFB321AF8663400C9AA7D /* image.png in Resources */ = {isa = PBXBuildFile; fileRef = 92CFFB2A1AF8663300C9AA7D /* image.png */; };
		92CFFB331AF8663400C9AA7D /* like.png in Resources */ = {isa = PBXBuildFile; fileRef = 92CFFB2B1AF8663300C9AA7D /* like.png */; };
		92CFFB341AF8663400C9AA7D /* shopping-bag.png in Resources */ = {isa = PBXBuildFile; fileRef = 92CFFB2C1AF8663300C9AA7D /* shopping-bag.png */; };
		92CFFB351AF8663400C9AA7D /* ticket.png in Resources */ = {isa = PBXBuildFile; fileRef = 92CFFB2D1AF8663300C9AA7D /* ticket.png */; };
		92CFFB361AF8663400C9AA7D /* user.png in Resources */ = {isa = PBXBuildFile; fileRef = 92CFFB2E1AF8663400C9AA7D /* user.png */; };
		92CFFB381AF8CCB600C9AA7D /* VCMemberLoginViewController.swift in Sources */ = {isa = PBXBuildFile; fileRef = 92CFFB371AF8CCB600C9AA7D /* VCMemberLoginViewController.swift */; };
		92E310291AEDD22E00771CAC /* FoodItem.swift in Sources */ = {isa = PBXBuildFile; fileRef = 92E310281AEDD22E00771CAC /* FoodItem.swift */; };
		92E3586D1B1D455700D61119 /* brand.jpg in Resources */ = {isa = PBXBuildFile; fileRef = 92E3586C1B1D455700D61119 /* brand.jpg */; };
		92E962E21AF2017400030226 /* Toucan.swift in Sources */ = {isa = PBXBuildFile; fileRef = 92E962E11AF2017400030226 /* Toucan.swift */; };
		92F3B0691B00362A003A6D76 /* SinaWeiboConnection.framework in Frameworks */ = {isa = PBXBuildFile; fileRef = 92F3B0511B00362A003A6D76 /* SinaWeiboConnection.framework */; };
		92F3B06A1B00362A003A6D76 /* SMSConnection.framework in Frameworks */ = {isa = PBXBuildFile; fileRef = 92F3B0521B00362A003A6D76 /* SMSConnection.framework */; };
		92F3B06B1B00362A003A6D76 /* WeChatConnection.framework in Frameworks */ = {isa = PBXBuildFile; fileRef = 92F3B0531B00362A003A6D76 /* WeChatConnection.framework */; };
		92F3B06C1B00362A003A6D76 /* AGCommon.framework in Frameworks */ = {isa = PBXBuildFile; fileRef = 92F3B0551B00362A003A6D76 /* AGCommon.framework */; };
		92F3B06D1B00362A003A6D76 /* ShareSDKLocalizable.strings in Resources */ = {isa = PBXBuildFile; fileRef = 92F3B0561B00362A003A6D76 /* ShareSDKLocalizable.strings */; };
		92F3B06E1B00362A003A6D76 /* Resource.bundle in Resources */ = {isa = PBXBuildFile; fileRef = 92F3B0581B00362A003A6D76 /* Resource.bundle */; };
		92F3B06F1B00362A003A6D76 /* ShareSDKCoreService.framework in Frameworks */ = {isa = PBXBuildFile; fileRef = 92F3B0591B00362A003A6D76 /* ShareSDKCoreService.framework */; };
		92F3B0701B00362A003A6D76 /* libWeiboSDK.a in Frameworks */ = {isa = PBXBuildFile; fileRef = 92F3B05D1B00362A003A6D76 /* libWeiboSDK.a */; };
		92F3B0711B00362A003A6D76 /* WeiboSDK.bundle in Resources */ = {isa = PBXBuildFile; fileRef = 92F3B05E1B00362A003A6D76 /* WeiboSDK.bundle */; };
		92F3B0721B00362A003A6D76 /* libWeChatSDK.a in Frameworks */ = {isa = PBXBuildFile; fileRef = 92F3B0611B00362A003A6D76 /* libWeChatSDK.a */; };
		92F3B0731B00362A003A6D76 /* ShareSDK.framework in Frameworks */ = {isa = PBXBuildFile; fileRef = 92F3B0641B00362A003A6D76 /* ShareSDK.framework */; };
		92F3B0741B00362A003A6D76 /* ShareSDKFlatShareViewUI.bundle in Resources */ = {isa = PBXBuildFile; fileRef = 92F3B0661B00362A003A6D76 /* ShareSDKFlatShareViewUI.bundle */; };
		92F3B0751B00362A003A6D76 /* ShareSDKFlatShareViewUI.framework in Frameworks */ = {isa = PBXBuildFile; fileRef = 92F3B0671B00362A003A6D76 /* ShareSDKFlatShareViewUI.framework */; };
		92F3B0761B00362A003A6D76 /* ShareSDKShareActionSheet.framework in Frameworks */ = {isa = PBXBuildFile; fileRef = 92F3B0681B00362A003A6D76 /* ShareSDKShareActionSheet.framework */; };
		92F3B0781B00367A003A6D76 /* SystemConfiguration.framework in Frameworks */ = {isa = PBXBuildFile; fileRef = 92F3B0771B00367A003A6D76 /* SystemConfiguration.framework */; };
		92F3B07A1B00368C003A6D76 /* QuartzCore.framework in Frameworks */ = {isa = PBXBuildFile; fileRef = 92F3B0791B00368C003A6D76 /* QuartzCore.framework */; };
		92F3B07C1B003697003A6D76 /* CoreTelephony.framework in Frameworks */ = {isa = PBXBuildFile; fileRef = 92F3B07B1B003697003A6D76 /* CoreTelephony.framework */; };
		92F3B07E1B0036B0003A6D76 /* libicucore.dylib in Frameworks */ = {isa = PBXBuildFile; fileRef = 92F3B07D1B0036B0003A6D76 /* libicucore.dylib */; };
		92F3B0801B0036BB003A6D76 /* libz.1.2.5.dylib in Frameworks */ = {isa = PBXBuildFile; fileRef = 92F3B07F1B0036BB003A6D76 /* libz.1.2.5.dylib */; };
		92F3B0821B0036C6003A6D76 /* Security.framework in Frameworks */ = {isa = PBXBuildFile; fileRef = 92F3B0811B0036C6003A6D76 /* Security.framework */; };
		92F3B0841B0036E2003A6D76 /* ImageIO.framework in Frameworks */ = {isa = PBXBuildFile; fileRef = 92F3B0831B0036E2003A6D76 /* ImageIO.framework */; };
		92F3B0861B0036F0003A6D76 /* MessageUI.framework in Frameworks */ = {isa = PBXBuildFile; fileRef = 92F3B0851B0036F0003A6D76 /* MessageUI.framework */; };
		92F51C8D1AEDE7D300FDD50C /* hagaki.jpg in Resources */ = {isa = PBXBuildFile; fileRef = 92F51C8C1AEDE7D300FDD50C /* hagaki.jpg */; };
		92FA19471AFCCA8400D33538 /* FindMyPasscodeViewController.swift in Sources */ = {isa = PBXBuildFile; fileRef = 92FA19461AFCCA8400D33538 /* FindMyPasscodeViewController.swift */; };
		92FA19491AFCD6CE00D33538 /* SMSCodeViewController.swift in Sources */ = {isa = PBXBuildFile; fileRef = 92FA19481AFCD6CE00D33538 /* SMSCodeViewController.swift */; };
/* End PBXBuildFile section */

/* Begin PBXContainerItemProxy section */
		9227E2D81AE8DCCC008C6381 /* PBXContainerItemProxy */ = {
			isa = PBXContainerItemProxy;
			containerPortal = 9227E2B71AE8DCCC008C6381 /* Project object */;
			proxyType = 1;
			remoteGlobalIDString = 9227E2BE1AE8DCCC008C6381;
			remoteInfo = iMenu3;
		};
/* End PBXContainerItemProxy section */

/* Begin PBXFileReference section */
		0C40656762C7729B9DD514C9 /* Pods.debug.xcconfig */ = {isa = PBXFileReference; includeInIndex = 1; lastKnownFileType = text.xcconfig; name = Pods.debug.xcconfig; path = "Pods/Target Support Files/Pods/Pods.debug.xcconfig"; sourceTree = "<group>"; };
		1E1B9F71B7F8A3007EFAD6E6 /* Pods.framework */ = {isa = PBXFileReference; explicitFileType = wrapper.framework; includeInIndex = 0; path = Pods.framework; sourceTree = BUILT_PRODUCTS_DIR; };
		9203E68A1B00637300407F66 /* ShareSDKContentController.h */ = {isa = PBXFileReference; fileEncoding = 4; lastKnownFileType = sourcecode.c.h; path = ShareSDKContentController.h; sourceTree = "<group>"; };
		9203E68C1B0063FD00407F66 /* ShareSDKContentController.m */ = {isa = PBXFileReference; fileEncoding = 4; lastKnownFileType = sourcecode.c.objc; path = ShareSDKContentController.m; sourceTree = "<group>"; };
		9223DD301B15692E0072BFF1 /* VCBaseViewController.swift */ = {isa = PBXFileReference; fileEncoding = 4; lastKnownFileType = sourcecode.swift; name = VCBaseViewController.swift; path = Classes/VCBaseViewController.swift; sourceTree = "<group>"; };
		922412901B1FE2C20049A9B5 /* FoodDetailScrollView.swift */ = {isa = PBXFileReference; fileEncoding = 4; lastKnownFileType = sourcecode.swift; name = FoodDetailScrollView.swift; path = Classes/FoodDetailScrollView.swift; sourceTree = "<group>"; };
		922412931B200D560049A9B5 /* SMSegment.swift */ = {isa = PBXFileReference; fileEncoding = 4; lastKnownFileType = sourcecode.swift; path = SMSegment.swift; sourceTree = "<group>"; };
		922412941B200D560049A9B5 /* SMSegmentView.swift */ = {isa = PBXFileReference; fileEncoding = 4; lastKnownFileType = sourcecode.swift; path = SMSegmentView.swift; sourceTree = "<group>"; };
		922412981B20122A0049A9B5 /* bulb_light.png */ = {isa = PBXFileReference; lastKnownFileType = image.png; path = bulb_light.png; sourceTree = "<group>"; };
		922412991B20122A0049A9B5 /* bulb_light@2x.png */ = {isa = PBXFileReference; lastKnownFileType = image.png; path = "bulb_light@2x.png"; sourceTree = "<group>"; };
		9224129A1B20122A0049A9B5 /* bulb.png */ = {isa = PBXFileReference; lastKnownFileType = image.png; path = bulb.png; sourceTree = "<group>"; };
		9224129B1B20122A0049A9B5 /* bulb@2x.png */ = {isa = PBXFileReference; lastKnownFileType = image.png; path = "bulb@2x.png"; sourceTree = "<group>"; };
		9224129C1B20122A0049A9B5 /* clip_light.png */ = {isa = PBXFileReference; lastKnownFileType = image.png; path = clip_light.png; sourceTree = "<group>"; };
		9224129D1B20122A0049A9B5 /* clip_light@2x.png */ = {isa = PBXFileReference; lastKnownFileType = image.png; path = "clip_light@2x.png"; sourceTree = "<group>"; };
		9224129E1B20122A0049A9B5 /* clip.png */ = {isa = PBXFileReference; lastKnownFileType = image.png; path = clip.png; sourceTree = "<group>"; };
		9224129F1B20122A0049A9B5 /* clip@2x.png */ = {isa = PBXFileReference; lastKnownFileType = image.png; path = "clip@2x.png"; sourceTree = "<group>"; };
		922412A01B20122A0049A9B5 /* cloud_light.png */ = {isa = PBXFileReference; lastKnownFileType = image.png; path = cloud_light.png; sourceTree = "<group>"; };
		922412A11B20122A0049A9B5 /* cloud_light@2x.png */ = {isa = PBXFileReference; lastKnownFileType = image.png; path = "cloud_light@2x.png"; sourceTree = "<group>"; };
		922412A21B20122A0049A9B5 /* cloud.png */ = {isa = PBXFileReference; lastKnownFileType = image.png; path = cloud.png; sourceTree = "<group>"; };
		922412A31B20122A0049A9B5 /* cloud@2x.png */ = {isa = PBXFileReference; lastKnownFileType = image.png; path = "cloud@2x.png"; sourceTree = "<group>"; };
		9227E2BF1AE8DCCC008C6381 /* iMenu3.app */ = {isa = PBXFileReference; explicitFileType = wrapper.application; includeInIndex = 0; path = iMenu3.app; sourceTree = BUILT_PRODUCTS_DIR; };
		9227E2C31AE8DCCC008C6381 /* Info.plist */ = {isa = PBXFileReference; lastKnownFileType = text.plist.xml; path = Info.plist; sourceTree = "<group>"; };
		9227E2C41AE8DCCC008C6381 /* AppDelegate.swift */ = {isa = PBXFileReference; lastKnownFileType = sourcecode.swift; path = AppDelegate.swift; sourceTree = "<group>"; };
		9227E2C71AE8DCCC008C6381 /* iMenu3.xcdatamodel */ = {isa = PBXFileReference; lastKnownFileType = wrapper.xcdatamodel; path = iMenu3.xcdatamodel; sourceTree = "<group>"; };
		9227E2CC1AE8DCCC008C6381 /* Base */ = {isa = PBXFileReference; lastKnownFileType = file.storyboard; name = Base; path = Base.lproj/Main.storyboard; sourceTree = "<group>"; };
		9227E2CE1AE8DCCC008C6381 /* Images.xcassets */ = {isa = PBXFileReference; lastKnownFileType = folder.assetcatalog; path = Images.xcassets; sourceTree = "<group>"; };
		9227E2D11AE8DCCC008C6381 /* Base */ = {isa = PBXFileReference; lastKnownFileType = file.xib; name = Base; path = Base.lproj/LaunchScreen.xib; sourceTree = "<group>"; };
		9227E2D71AE8DCCC008C6381 /* iMenu3Tests.xctest */ = {isa = PBXFileReference; explicitFileType = wrapper.cfbundle; includeInIndex = 0; path = iMenu3Tests.xctest; sourceTree = BUILT_PRODUCTS_DIR; };
		9227E2DC1AE8DCCC008C6381 /* Info.plist */ = {isa = PBXFileReference; lastKnownFileType = text.plist.xml; path = Info.plist; sourceTree = "<group>"; };
		9227E2DD1AE8DCCC008C6381 /* iMenu3Tests.swift */ = {isa = PBXFileReference; lastKnownFileType = sourcecode.swift; path = iMenu3Tests.swift; sourceTree = "<group>"; };
		9227E2E71AE8DDD9008C6381 /* FoodListController.swift */ = {isa = PBXFileReference; fileEncoding = 4; lastKnownFileType = sourcecode.swift; name = FoodListController.swift; path = Classes/FoodListController.swift; sourceTree = "<group>"; };
		9227E2ED1AE8E4AE008C6381 /* FoodListTableViewCell.swift */ = {isa = PBXFileReference; fileEncoding = 4; lastKnownFileType = sourcecode.swift; name = FoodListTableViewCell.swift; path = Classes/FoodListTableViewCell.swift; sourceTree = "<group>"; };
		9259050A1B098EEE00F343D4 /* UserInfoHeaderView.swift */ = {isa = PBXFileReference; fileEncoding = 4; lastKnownFileType = sourcecode.swift; name = UserInfoHeaderView.swift; path = Classes/UserInfoHeaderView.swift; sourceTree = "<group>"; };
		9267443E1B1855C60075EDB5 /* EditUserInfoViewController.swift */ = {isa = PBXFileReference; fileEncoding = 4; lastKnownFileType = sourcecode.swift; name = EditUserInfoViewController.swift; path = Classes/EditUserInfoViewController.swift; sourceTree = "<group>"; };
		927779D41B0B02F3002A50EB /* FloatLabelTextField.swift */ = {isa = PBXFileReference; fileEncoding = 4; lastKnownFileType = sourcecode.swift; path = FloatLabelTextField.swift; sourceTree = "<group>"; };
		927779D51B0B02F3002A50EB /* FloatLabelTextView.swift */ = {isa = PBXFileReference; fileEncoding = 4; lastKnownFileType = sourcecode.swift; path = FloatLabelTextView.swift; sourceTree = "<group>"; };
		927779D91B0B0304002A50EB /* CTMemCache.swift */ = {isa = PBXFileReference; fileEncoding = 4; lastKnownFileType = sourcecode.swift; path = CTMemCache.swift; sourceTree = "<group>"; };
		927779DA1B0B0304002A50EB /* FlatUIColor.swift */ = {isa = PBXFileReference; fileEncoding = 4; lastKnownFileType = sourcecode.swift; path = FlatUIColor.swift; sourceTree = "<group>"; };
		927779DB1B0B0304002A50EB /* JSSAlertView.swift */ = {isa = PBXFileReference; fileEncoding = 4; lastKnownFileType = sourcecode.swift; path = JSSAlertView.swift; sourceTree = "<group>"; };
		9280E4471B14444B00959798 /* Reachability.swift */ = {isa = PBXFileReference; fileEncoding = 4; lastKnownFileType = sourcecode.swift; path = Reachability.swift; sourceTree = "<group>"; };
		928205021AEDE1330067BB92 /* BreezeStore+Defaults.swift */ = {isa = PBXFileReference; fileEncoding = 4; lastKnownFileType = sourcecode.swift; path = "BreezeStore+Defaults.swift"; sourceTree = "<group>"; };
		928205031AEDE1330067BB92 /* BreezeStore+iCloud.swift */ = {isa = PBXFileReference; fileEncoding = 4; lastKnownFileType = sourcecode.swift; path = "BreezeStore+iCloud.swift"; sourceTree = "<group>"; };
		928205041AEDE1330067BB92 /* BreezeStore+Saving.swift */ = {isa = PBXFileReference; fileEncoding = 4; lastKnownFileType = sourcecode.swift; path = "BreezeStore+Saving.swift"; sourceTree = "<group>"; };
		928205051AEDE1330067BB92 /* BreezeStore.swift */ = {isa = PBXFileReference; fileEncoding = 4; lastKnownFileType = sourcecode.swift; path = BreezeStore.swift; sourceTree = "<group>"; };
		928205061AEDE1330067BB92 /* Info.plist */ = {isa = PBXFileReference; fileEncoding = 4; lastKnownFileType = text.plist.xml; path = Info.plist; sourceTree = "<group>"; };
		928205071AEDE1330067BB92 /* NSManagedObject+Creating.swift */ = {isa = PBXFileReference; fileEncoding = 4; lastKnownFileType = sourcecode.swift; path = "NSManagedObject+Creating.swift"; sourceTree = "<group>"; };
		928205081AEDE1330067BB92 /* NSManagedObject+Deleting.swift */ = {isa = PBXFileReference; fileEncoding = 4; lastKnownFileType = sourcecode.swift; path = "NSManagedObject+Deleting.swift"; sourceTree = "<group>"; };
		928205091AEDE1330067BB92 /* NSManagedObject+Finding.swift */ = {isa = PBXFileReference; fileEncoding = 4; lastKnownFileType = sourcecode.swift; path = "NSManagedObject+Finding.swift"; sourceTree = "<group>"; };
		9282050A1AEDE1330067BB92 /* NSManagedObjectContext+Breeze.swift */ = {isa = PBXFileReference; fileEncoding = 4; lastKnownFileType = sourcecode.swift; path = "NSManagedObjectContext+Breeze.swift"; sourceTree = "<group>"; };
		9284A11E1AF0AECD00E662B2 /* active.png */ = {isa = PBXFileReference; lastKnownFileType = image.png; path = active.png; sourceTree = "<group>"; };
		9284A11F1AF0AECD00E662B2 /* adventurous.png */ = {isa = PBXFileReference; lastKnownFileType = image.png; path = adventurous.png; sourceTree = "<group>"; };
		9284A1201AF0AECD00E662B2 /* happy.png */ = {isa = PBXFileReference; lastKnownFileType = image.png; path = happy.png; sourceTree = "<group>"; };
		9284A1211AF0AECD00E662B2 /* hungry.png */ = {isa = PBXFileReference; lastKnownFileType = image.png; path = hungry.png; sourceTree = "<group>"; };
		9284A1221AF0AECD00E662B2 /* loved.png */ = {isa = PBXFileReference; lastKnownFileType = image.png; path = loved.png; sourceTree = "<group>"; };
		9284A1231AF0AECD00E662B2 /* mood1.jpg */ = {isa = PBXFileReference; lastKnownFileType = image.jpeg; path = mood1.jpg; sourceTree = "<group>"; };
		9284A1241AF0AECD00E662B2 /* mood2.jpg */ = {isa = PBXFileReference; lastKnownFileType = image.jpeg; path = mood2.jpg; sourceTree = "<group>"; };
		9284A1251AF0AECD00E662B2 /* mood3.jpg */ = {isa = PBXFileReference; lastKnownFileType = image.jpeg; path = mood3.jpg; sourceTree = "<group>"; };
		9284A1261AF0AECD00E662B2 /* mood4.jpg */ = {isa = PBXFileReference; lastKnownFileType = image.jpeg; path = mood4.jpg; sourceTree = "<group>"; };
		9284A1271AF0AECD00E662B2 /* mood5.jpg */ = {isa = PBXFileReference; lastKnownFileType = image.jpeg; path = mood5.jpg; sourceTree = "<group>"; };
		9284A1281AF0AECD00E662B2 /* mood6.jpg */ = {isa = PBXFileReference; lastKnownFileType = image.jpeg; path = mood6.jpg; sourceTree = "<group>"; };
		9284A1291AF0AECD00E662B2 /* mood7.jpg */ = {isa = PBXFileReference; lastKnownFileType = image.jpeg; path = mood7.jpg; sourceTree = "<group>"; };
		9284A12A1AF0AECD00E662B2 /* mood8.jpg */ = {isa = PBXFileReference; lastKnownFileType = image.jpeg; path = mood8.jpg; sourceTree = "<group>"; };
		9284A12B1AF0AECD00E662B2 /* playful.png */ = {isa = PBXFileReference; lastKnownFileType = image.png; path = playful.png; sourceTree = "<group>"; };
		9284A12C1AF0AECD00E662B2 /* relax.png */ = {isa = PBXFileReference; lastKnownFileType = image.png; path = relax.png; sourceTree = "<group>"; };
		9284A12D1AF0AECD00E662B2 /* wealthy.png */ = {isa = PBXFileReference; lastKnownFileType = image.png; path = wealthy.png; sourceTree = "<group>"; };
		9284A13E1AF0AF2500E662B2 /* FoodCollectionsViewController.swift */ = {isa = PBXFileReference; fileEncoding = 4; lastKnownFileType = sourcecode.swift; name = FoodCollectionsViewController.swift; path = Classes/FoodCollectionsViewController.swift; sourceTree = "<group>"; };
		9284A1401AF0AF5400E662B2 /* FoodCollectionsViewCell.swift */ = {isa = PBXFileReference; fileEncoding = 4; lastKnownFileType = sourcecode.swift; name = FoodCollectionsViewCell.swift; path = Classes/FoodCollectionsViewCell.swift; sourceTree = "<group>"; };
		9284A1441AF0CFCF00E662B2 /* VCAppLetor.swift */ = {isa = PBXFileReference; fileEncoding = 4; lastKnownFileType = sourcecode.swift; name = VCAppLetor.swift; path = Classes/VCAppLetor.swift; sourceTree = "<group>"; };
		9284A14A1AF1B98100E662B2 /* VCheckGo.swift */ = {isa = PBXFileReference; fileEncoding = 4; lastKnownFileType = sourcecode.swift; name = VCheckGo.swift; path = Classes/VCheckGo.swift; sourceTree = "<group>"; };
		928633741B0AE43B0040CBA2 /* UserPanelViewController.swift */ = {isa = PBXFileReference; fileEncoding = 4; lastKnownFileType = sourcecode.swift; name = UserPanelViewController.swift; path = Classes/UserPanelViewController.swift; sourceTree = "<group>"; };
		9286337F1B0AE6070040CBA2 /* Settings.swift */ = {isa = PBXFileReference; fileEncoding = 4; lastKnownFileType = sourcecode.swift; path = Settings.swift; sourceTree = "<group>"; };
		928B2FB91B2150AF001FA746 /* FoodViewerViewController.swift */ = {isa = PBXFileReference; fileEncoding = 4; lastKnownFileType = sourcecode.swift; name = FoodViewerViewController.swift; path = Classes/FoodViewerViewController.swift; sourceTree = "<group>"; };
		9293BBC81B018ECC0034F3C5 /* RegisterViewController.swift */ = {isa = PBXFileReference; fileEncoding = 4; lastKnownFileType = sourcecode.swift; name = RegisterViewController.swift; path = Classes/RegisterViewController.swift; sourceTree = "<group>"; };
		9293BBCA1B01A1D80034F3C5 /* CustomDrawView.swift */ = {isa = PBXFileReference; fileEncoding = 4; lastKnownFileType = sourcecode.swift; name = CustomDrawView.swift; path = Classes/CustomDrawView.swift; sourceTree = "<group>"; };
		92987A5E1AFD1906001576B9 /* ResetMyPasscodeViewController.swift */ = {isa = PBXFileReference; fileEncoding = 4; lastKnownFileType = sourcecode.swift; name = ResetMyPasscodeViewController.swift; path = Classes/ResetMyPasscodeViewController.swift; sourceTree = "<group>"; };
		929DCAC11B0578800050B63F /* VCTermsViewController.swift */ = {isa = PBXFileReference; fileEncoding = 4; lastKnownFileType = sourcecode.swift; name = VCTermsViewController.swift; path = Classes/VCTermsViewController.swift; sourceTree = "<group>"; };
		929DCAC31B0588B80050B63F /* RegSetPassViewController.swift */ = {isa = PBXFileReference; fileEncoding = 4; lastKnownFileType = sourcecode.swift; name = RegSetPassViewController.swift; path = Classes/RegSetPassViewController.swift; sourceTree = "<group>"; };
		92B0F0EC1B12FF2E009F368B /* StringExt.swift */ = {isa = PBXFileReference; fileEncoding = 4; lastKnownFileType = sourcecode.swift; path = StringExt.swift; sourceTree = "<group>"; };
		92B10EC41B00993C00E0674F /* Member.swift */ = {isa = PBXFileReference; fileEncoding = 4; lastKnownFileType = sourcecode.swift; path = Member.swift; sourceTree = "<group>"; };
		92BD603B1B05DE8900649DDF /* UserInfoViewController.swift */ = {isa = PBXFileReference; fileEncoding = 4; lastKnownFileType = sourcecode.swift; name = UserInfoViewController.swift; path = Classes/UserInfoViewController.swift; sourceTree = "<group>"; };
		92BD603D1B05DEDF00649DDF /* UserInfoCell.swift */ = {isa = PBXFileReference; fileEncoding = 4; lastKnownFileType = sourcecode.swift; name = UserInfoCell.swift; path = Classes/UserInfoCell.swift; sourceTree = "<group>"; };
		92CF816C1AFB441300625641 /* wechat.png */ = {isa = PBXFileReference; lastKnownFileType = image.png; path = wechat.png; sourceTree = "<group>"; };
		92CF816D1AFB441300625641 /* weibo.png */ = {isa = PBXFileReference; lastKnownFileType = image.png; path = weibo.png; sourceTree = "<group>"; };
		92CFFB241AF774F700C9AA7D /* UserPanelTableViewCell.swift */ = {isa = PBXFileReference; fileEncoding = 4; lastKnownFileType = sourcecode.swift; name = UserPanelTableViewCell.swift; path = Classes/UserPanelTableViewCell.swift; sourceTree = "<group>"; };
		92CFFB271AF8663300C9AA7D /* cards.png */ = {isa = PBXFileReference; lastKnownFileType = image.png; path = cards.png; sourceTree = "<group>"; };
		92CFFB281AF8663300C9AA7D /* coffee.png */ = {isa = PBXFileReference; lastKnownFileType = image.png; path = coffee.png; sourceTree = "<group>"; };
		92CFFB291AF8663300C9AA7D /* gift.png */ = {isa = PBXFileReference; lastKnownFileType = image.png; path = gift.png; sourceTree = "<group>"; };
		92CFFB2A1AF8663300C9AA7D /* image.png */ = {isa = PBXFileReference; lastKnownFileType = image.png; path = image.png; sourceTree = "<group>"; };
		92CFFB2B1AF8663300C9AA7D /* like.png */ = {isa = PBXFileReference; lastKnownFileType = image.png; path = like.png; sourceTree = "<group>"; };
		92CFFB2C1AF8663300C9AA7D /* shopping-bag.png */ = {isa = PBXFileReference; lastKnownFileType = image.png; path = "shopping-bag.png"; sourceTree = "<group>"; };
		92CFFB2D1AF8663300C9AA7D /* ticket.png */ = {isa = PBXFileReference; lastKnownFileType = image.png; path = ticket.png; sourceTree = "<group>"; };
		92CFFB2E1AF8663400C9AA7D /* user.png */ = {isa = PBXFileReference; lastKnownFileType = image.png; path = user.png; sourceTree = "<group>"; };
		92CFFB371AF8CCB600C9AA7D /* VCMemberLoginViewController.swift */ = {isa = PBXFileReference; fileEncoding = 4; lastKnownFileType = sourcecode.swift; name = VCMemberLoginViewController.swift; path = Classes/VCMemberLoginViewController.swift; sourceTree = "<group>"; };
		92E310281AEDD22E00771CAC /* FoodItem.swift */ = {isa = PBXFileReference; fileEncoding = 4; lastKnownFileType = sourcecode.swift; path = FoodItem.swift; sourceTree = "<group>"; };
		92E3586C1B1D455700D61119 /* brand.jpg */ = {isa = PBXFileReference; lastKnownFileType = image.jpeg; path = brand.jpg; sourceTree = "<group>"; };
		92E962E11AF2017400030226 /* Toucan.swift */ = {isa = PBXFileReference; fileEncoding = 4; lastKnownFileType = sourcecode.swift; name = Toucan.swift; path = Classes/Toucan.swift; sourceTree = "<group>"; };
		92F3B0511B00362A003A6D76 /* SinaWeiboConnection.framework */ = {isa = PBXFileReference; lastKnownFileType = wrapper.framework; path = SinaWeiboConnection.framework; sourceTree = "<group>"; };
		92F3B0521B00362A003A6D76 /* SMSConnection.framework */ = {isa = PBXFileReference; lastKnownFileType = wrapper.framework; path = SMSConnection.framework; sourceTree = "<group>"; };
		92F3B0531B00362A003A6D76 /* WeChatConnection.framework */ = {isa = PBXFileReference; lastKnownFileType = wrapper.framework; path = WeChatConnection.framework; sourceTree = "<group>"; };
		92F3B0551B00362A003A6D76 /* AGCommon.framework */ = {isa = PBXFileReference; lastKnownFileType = wrapper.framework; path = AGCommon.framework; sourceTree = "<group>"; };
		92F3B0571B00362A003A6D76 /* en */ = {isa = PBXFileReference; lastKnownFileType = text.plist.strings; name = en; path = en.lproj/ShareSDKLocalizable.strings; sourceTree = "<group>"; };
		92F3B0581B00362A003A6D76 /* Resource.bundle */ = {isa = PBXFileReference; lastKnownFileType = "wrapper.plug-in"; path = Resource.bundle; sourceTree = "<group>"; };
		92F3B0591B00362A003A6D76 /* ShareSDKCoreService.framework */ = {isa = PBXFileReference; lastKnownFileType = wrapper.framework; path = ShareSDKCoreService.framework; sourceTree = "<group>"; };
		92F3B05A1B00362A003A6D76 /* zh-Hans */ = {isa = PBXFileReference; lastKnownFileType = text.plist.strings; name = "zh-Hans"; path = "zh-Hans.lproj/ShareSDKLocalizable.strings"; sourceTree = "<group>"; };
		92F3B05D1B00362A003A6D76 /* libWeiboSDK.a */ = {isa = PBXFileReference; lastKnownFileType = archive.ar; path = libWeiboSDK.a; sourceTree = "<group>"; };
		92F3B05E1B00362A003A6D76 /* WeiboSDK.bundle */ = {isa = PBXFileReference; lastKnownFileType = "wrapper.plug-in"; path = WeiboSDK.bundle; sourceTree = "<group>"; };
		92F3B05F1B00362A003A6D76 /* WeiboSDK.h */ = {isa = PBXFileReference; fileEncoding = 4; lastKnownFileType = sourcecode.c.h; path = WeiboSDK.h; sourceTree = "<group>"; };
		92F3B0611B00362A003A6D76 /* libWeChatSDK.a */ = {isa = PBXFileReference; lastKnownFileType = archive.ar; path = libWeChatSDK.a; sourceTree = "<group>"; };
		92F3B0621B00362A003A6D76 /* WXApi.h */ = {isa = PBXFileReference; fileEncoding = 4; lastKnownFileType = sourcecode.c.h; path = WXApi.h; sourceTree = "<group>"; };
		92F3B0631B00362A003A6D76 /* WXApiObject.h */ = {isa = PBXFileReference; fileEncoding = 4; lastKnownFileType = sourcecode.c.h; path = WXApiObject.h; sourceTree = "<group>"; };
		92F3B0641B00362A003A6D76 /* ShareSDK.framework */ = {isa = PBXFileReference; lastKnownFileType = wrapper.framework; path = ShareSDK.framework; sourceTree = "<group>"; };
		92F3B0661B00362A003A6D76 /* ShareSDKFlatShareViewUI.bundle */ = {isa = PBXFileReference; lastKnownFileType = "wrapper.plug-in"; path = ShareSDKFlatShareViewUI.bundle; sourceTree = "<group>"; };
		92F3B0671B00362A003A6D76 /* ShareSDKFlatShareViewUI.framework */ = {isa = PBXFileReference; lastKnownFileType = wrapper.framework; path = ShareSDKFlatShareViewUI.framework; sourceTree = "<group>"; };
		92F3B0681B00362A003A6D76 /* ShareSDKShareActionSheet.framework */ = {isa = PBXFileReference; lastKnownFileType = wrapper.framework; path = ShareSDKShareActionSheet.framework; sourceTree = "<group>"; };
		92F3B0771B00367A003A6D76 /* SystemConfiguration.framework */ = {isa = PBXFileReference; lastKnownFileType = wrapper.framework; name = SystemConfiguration.framework; path = System/Library/Frameworks/SystemConfiguration.framework; sourceTree = SDKROOT; };
		92F3B0791B00368C003A6D76 /* QuartzCore.framework */ = {isa = PBXFileReference; lastKnownFileType = wrapper.framework; name = QuartzCore.framework; path = System/Library/Frameworks/QuartzCore.framework; sourceTree = SDKROOT; };
		92F3B07B1B003697003A6D76 /* CoreTelephony.framework */ = {isa = PBXFileReference; lastKnownFileType = wrapper.framework; name = CoreTelephony.framework; path = System/Library/Frameworks/CoreTelephony.framework; sourceTree = SDKROOT; };
		92F3B07D1B0036B0003A6D76 /* libicucore.dylib */ = {isa = PBXFileReference; lastKnownFileType = "compiled.mach-o.dylib"; name = libicucore.dylib; path = usr/lib/libicucore.dylib; sourceTree = SDKROOT; };
		92F3B07F1B0036BB003A6D76 /* libz.1.2.5.dylib */ = {isa = PBXFileReference; lastKnownFileType = "compiled.mach-o.dylib"; name = libz.1.2.5.dylib; path = usr/lib/libz.1.2.5.dylib; sourceTree = SDKROOT; };
		92F3B0811B0036C6003A6D76 /* Security.framework */ = {isa = PBXFileReference; lastKnownFileType = wrapper.framework; name = Security.framework; path = System/Library/Frameworks/Security.framework; sourceTree = SDKROOT; };
		92F3B0831B0036E2003A6D76 /* ImageIO.framework */ = {isa = PBXFileReference; lastKnownFileType = wrapper.framework; name = ImageIO.framework; path = System/Library/Frameworks/ImageIO.framework; sourceTree = SDKROOT; };
		92F3B0851B0036F0003A6D76 /* MessageUI.framework */ = {isa = PBXFileReference; lastKnownFileType = wrapper.framework; name = MessageUI.framework; path = System/Library/Frameworks/MessageUI.framework; sourceTree = SDKROOT; };
		92F3B0891B003802003A6D76 /* iMenu3-Bridging-Header.h */ = {isa = PBXFileReference; fileEncoding = 4; lastKnownFileType = sourcecode.c.h; path = "iMenu3-Bridging-Header.h"; sourceTree = "<group>"; };
		92F51C8C1AEDE7D300FDD50C /* hagaki.jpg */ = {isa = PBXFileReference; lastKnownFileType = image.jpeg; path = hagaki.jpg; sourceTree = "<group>"; };
		92FA19461AFCCA8400D33538 /* FindMyPasscodeViewController.swift */ = {isa = PBXFileReference; fileEncoding = 4; lastKnownFileType = sourcecode.swift; name = FindMyPasscodeViewController.swift; path = Classes/FindMyPasscodeViewController.swift; sourceTree = "<group>"; };
		92FA19481AFCD6CE00D33538 /* SMSCodeViewController.swift */ = {isa = PBXFileReference; fileEncoding = 4; lastKnownFileType = sourcecode.swift; name = SMSCodeViewController.swift; path = Classes/SMSCodeViewController.swift; sourceTree = "<group>"; };
		F1602DDA1EBACDED044ADFD3 /* Pods.release.xcconfig */ = {isa = PBXFileReference; includeInIndex = 1; lastKnownFileType = text.xcconfig; name = Pods.release.xcconfig; path = "Pods/Target Support Files/Pods/Pods.release.xcconfig"; sourceTree = "<group>"; };
/* End PBXFileReference section */

/* Begin PBXFrameworksBuildPhase section */
		9227E2BC1AE8DCCC008C6381 /* Frameworks */ = {
			isa = PBXFrameworksBuildPhase;
			buildActionMask = 2147483647;
			files = (
				92F3B0861B0036F0003A6D76 /* MessageUI.framework in Frameworks */,
				92F3B0841B0036E2003A6D76 /* ImageIO.framework in Frameworks */,
				92F3B0821B0036C6003A6D76 /* Security.framework in Frameworks */,
				92F3B0801B0036BB003A6D76 /* libz.1.2.5.dylib in Frameworks */,
				92F3B07E1B0036B0003A6D76 /* libicucore.dylib in Frameworks */,
				92F3B07C1B003697003A6D76 /* CoreTelephony.framework in Frameworks */,
				92F3B07A1B00368C003A6D76 /* QuartzCore.framework in Frameworks */,
				92F3B0781B00367A003A6D76 /* SystemConfiguration.framework in Frameworks */,
				92F3B06A1B00362A003A6D76 /* SMSConnection.framework in Frameworks */,
				92F3B0761B00362A003A6D76 /* ShareSDKShareActionSheet.framework in Frameworks */,
				92F3B0751B00362A003A6D76 /* ShareSDKFlatShareViewUI.framework in Frameworks */,
				92F3B06C1B00362A003A6D76 /* AGCommon.framework in Frameworks */,
				92F3B0721B00362A003A6D76 /* libWeChatSDK.a in Frameworks */,
				92F3B0691B00362A003A6D76 /* SinaWeiboConnection.framework in Frameworks */,
				92F3B0701B00362A003A6D76 /* libWeiboSDK.a in Frameworks */,
				92F3B06B1B00362A003A6D76 /* WeChatConnection.framework in Frameworks */,
				92F3B0731B00362A003A6D76 /* ShareSDK.framework in Frameworks */,
				92F3B06F1B00362A003A6D76 /* ShareSDKCoreService.framework in Frameworks */,
				0BE02F5CD93607CAD28B61E4 /* Pods.framework in Frameworks */,
			);
			runOnlyForDeploymentPostprocessing = 0;
		};
		9227E2D41AE8DCCC008C6381 /* Frameworks */ = {
			isa = PBXFrameworksBuildPhase;
			buildActionMask = 2147483647;
			files = (
			);
			runOnlyForDeploymentPostprocessing = 0;
		};
/* End PBXFrameworksBuildPhase section */

/* Begin PBXGroup section */
		05B8E7EB2168B867A50937F6 /* Frameworks */ = {
			isa = PBXGroup;
			children = (
				92F3B0851B0036F0003A6D76 /* MessageUI.framework */,
				92F3B0831B0036E2003A6D76 /* ImageIO.framework */,
				92F3B0811B0036C6003A6D76 /* Security.framework */,
				92F3B07F1B0036BB003A6D76 /* libz.1.2.5.dylib */,
				92F3B07D1B0036B0003A6D76 /* libicucore.dylib */,
				92F3B07B1B003697003A6D76 /* CoreTelephony.framework */,
				92F3B0791B00368C003A6D76 /* QuartzCore.framework */,
				92F3B0771B00367A003A6D76 /* SystemConfiguration.framework */,
				1E1B9F71B7F8A3007EFAD6E6 /* Pods.framework */,
			);
			name = Frameworks;
			sourceTree = "<group>";
		};
		922412921B200D560049A9B5 /* SMSegmentView */ = {
			isa = PBXGroup;
			children = (
				922412931B200D560049A9B5 /* SMSegment.swift */,
				922412941B200D560049A9B5 /* SMSegmentView.swift */,
			);
			path = SMSegmentView;
			sourceTree = "<group>";
		};
		922412971B2012120049A9B5 /* buttonIcon */ = {
			isa = PBXGroup;
			children = (
				922412981B20122A0049A9B5 /* bulb_light.png */,
				922412991B20122A0049A9B5 /* bulb_light@2x.png */,
				9224129A1B20122A0049A9B5 /* bulb.png */,
				9224129B1B20122A0049A9B5 /* bulb@2x.png */,
				9224129C1B20122A0049A9B5 /* clip_light.png */,
				9224129D1B20122A0049A9B5 /* clip_light@2x.png */,
				9224129E1B20122A0049A9B5 /* clip.png */,
				9224129F1B20122A0049A9B5 /* clip@2x.png */,
				922412A01B20122A0049A9B5 /* cloud_light.png */,
				922412A11B20122A0049A9B5 /* cloud_light@2x.png */,
				922412A21B20122A0049A9B5 /* cloud.png */,
				922412A31B20122A0049A9B5 /* cloud@2x.png */,
			);
			name = buttonIcon;
			sourceTree = "<group>";
		};
		9227E2B61AE8DCCC008C6381 = {
			isa = PBXGroup;
			children = (
				9227E2C11AE8DCCC008C6381 /* iMenu3 */,
				9227E2DA1AE8DCCC008C6381 /* iMenu3Tests */,
				9227E2C01AE8DCCC008C6381 /* Products */,
				C08401B725EE433811DEF9EA /* Pods */,
				05B8E7EB2168B867A50937F6 /* Frameworks */,
			);
			sourceTree = "<group>";
		};
		9227E2C01AE8DCCC008C6381 /* Products */ = {
			isa = PBXGroup;
			children = (
				9227E2BF1AE8DCCC008C6381 /* iMenu3.app */,
				9227E2D71AE8DCCC008C6381 /* iMenu3Tests.xctest */,
			);
			name = Products;
			sourceTree = "<group>";
		};
		9227E2C11AE8DCCC008C6381 /* iMenu3 */ = {
			isa = PBXGroup;
			children = (
				927779D81B0B0304002A50EB /* THelpClass */,
				922412921B200D560049A9B5 /* SMSegmentView */,
				927779D31B0B02F3002A50EB /* FloatLabelFields */,
				92F3B04F1B003629003A6D76 /* ShareSDK */,
				92A7106E1AEF3E3600376C06 /* Toucan */,
				92F51C8A1AEDE7D300FDD50C /* Assets */,
				928205011AEDE1330067BB92 /* Breeze */,
				92E310271AEDD22E00771CAC /* model */,
				9227E2C41AE8DCCC008C6381 /* AppDelegate.swift */,
				9284A14A1AF1B98100E662B2 /* VCheckGo.swift */,
				9284A1441AF0CFCF00E662B2 /* VCAppLetor.swift */,
				9223DD301B15692E0072BFF1 /* VCBaseViewController.swift */,
				9227E2E71AE8DDD9008C6381 /* FoodListController.swift */,
				9227E2ED1AE8E4AE008C6381 /* FoodListTableViewCell.swift */,
				928B2FB91B2150AF001FA746 /* FoodViewerViewController.swift */,
				922412901B1FE2C20049A9B5 /* FoodDetailScrollView.swift */,
				9284A13E1AF0AF2500E662B2 /* FoodCollectionsViewController.swift */,
				9284A1401AF0AF5400E662B2 /* FoodCollectionsViewCell.swift */,
				928633741B0AE43B0040CBA2 /* UserPanelViewController.swift */,
				92CFFB241AF774F700C9AA7D /* UserPanelTableViewCell.swift */,
				9259050A1B098EEE00F343D4 /* UserInfoHeaderView.swift */,
				92BD603B1B05DE8900649DDF /* UserInfoViewController.swift */,
				9267443E1B1855C60075EDB5 /* EditUserInfoViewController.swift */,
				92BD603D1B05DEDF00649DDF /* UserInfoCell.swift */,
				92CFFB371AF8CCB600C9AA7D /* VCMemberLoginViewController.swift */,
				9293BBC81B018ECC0034F3C5 /* RegisterViewController.swift */,
				929DCAC31B0588B80050B63F /* RegSetPassViewController.swift */,
				929DCAC11B0578800050B63F /* VCTermsViewController.swift */,
				92FA19461AFCCA8400D33538 /* FindMyPasscodeViewController.swift */,
				92FA19481AFCD6CE00D33538 /* SMSCodeViewController.swift */,
				92987A5E1AFD1906001576B9 /* ResetMyPasscodeViewController.swift */,
				9293BBCA1B01A1D80034F3C5 /* CustomDrawView.swift */,
				9227E2CB1AE8DCCC008C6381 /* Main.storyboard */,
				9227E2CE1AE8DCCC008C6381 /* Images.xcassets */,
				9227E2D01AE8DCCC008C6381 /* LaunchScreen.xib */,
				9227E2C21AE8DCCC008C6381 /* Supporting Files */,
			);
			path = iMenu3;
			sourceTree = "<group>";
		};
		9227E2C21AE8DCCC008C6381 /* Supporting Files */ = {
			isa = PBXGroup;
			children = (
				9227E2C31AE8DCCC008C6381 /* Info.plist */,
				92F3B0891B003802003A6D76 /* iMenu3-Bridging-Header.h */,
				9203E68A1B00637300407F66 /* ShareSDKContentController.h */,
				9203E68C1B0063FD00407F66 /* ShareSDKContentController.m */,
			);
			name = "Supporting Files";
			sourceTree = "<group>";
		};
		9227E2DA1AE8DCCC008C6381 /* iMenu3Tests */ = {
			isa = PBXGroup;
			children = (
				9227E2DD1AE8DCCC008C6381 /* iMenu3Tests.swift */,
				9227E2DB1AE8DCCC008C6381 /* Supporting Files */,
			);
			path = iMenu3Tests;
			sourceTree = "<group>";
		};
		9227E2DB1AE8DCCC008C6381 /* Supporting Files */ = {
			isa = PBXGroup;
			children = (
				9227E2DC1AE8DCCC008C6381 /* Info.plist */,
			);
			name = "Supporting Files";
			sourceTree = "<group>";
		};
		927779D31B0B02F3002A50EB /* FloatLabelFields */ = {
			isa = PBXGroup;
			children = (
				927779D41B0B02F3002A50EB /* FloatLabelTextField.swift */,
				927779D51B0B02F3002A50EB /* FloatLabelTextView.swift */,
			);
			path = FloatLabelFields;
			sourceTree = "<group>";
		};
		927779D81B0B0304002A50EB /* THelpClass */ = {
			isa = PBXGroup;
			children = (
				9280E4471B14444B00959798 /* Reachability.swift */,
				92B0F0EC1B12FF2E009F368B /* StringExt.swift */,
				927779D91B0B0304002A50EB /* CTMemCache.swift */,
				927779DA1B0B0304002A50EB /* FlatUIColor.swift */,
				927779DB1B0B0304002A50EB /* JSSAlertView.swift */,
			);
			name = THelpClass;
			path = Classes/THelpClass;
			sourceTree = "<group>";
		};
		928205011AEDE1330067BB92 /* Breeze */ = {
			isa = PBXGroup;
			children = (
				928205021AEDE1330067BB92 /* BreezeStore+Defaults.swift */,
				928205031AEDE1330067BB92 /* BreezeStore+iCloud.swift */,
				928205041AEDE1330067BB92 /* BreezeStore+Saving.swift */,
				928205051AEDE1330067BB92 /* BreezeStore.swift */,
				928205061AEDE1330067BB92 /* Info.plist */,
				928205071AEDE1330067BB92 /* NSManagedObject+Creating.swift */,
				928205081AEDE1330067BB92 /* NSManagedObject+Deleting.swift */,
				928205091AEDE1330067BB92 /* NSManagedObject+Finding.swift */,
				9282050A1AEDE1330067BB92 /* NSManagedObjectContext+Breeze.swift */,
			);
			path = Breeze;
			sourceTree = "<group>";
		};
		9284A11D1AF0AECD00E662B2 /* collectionImages */ = {
			isa = PBXGroup;
			children = (
				92E3586C1B1D455700D61119 /* brand.jpg */,
				9284A11E1AF0AECD00E662B2 /* active.png */,
				9284A11F1AF0AECD00E662B2 /* adventurous.png */,
				9284A1201AF0AECD00E662B2 /* happy.png */,
				9284A1211AF0AECD00E662B2 /* hungry.png */,
				9284A1221AF0AECD00E662B2 /* loved.png */,
				9284A1231AF0AECD00E662B2 /* mood1.jpg */,
				9284A1241AF0AECD00E662B2 /* mood2.jpg */,
				9284A1251AF0AECD00E662B2 /* mood3.jpg */,
				9284A1261AF0AECD00E662B2 /* mood4.jpg */,
				9284A1271AF0AECD00E662B2 /* mood5.jpg */,
				9284A1281AF0AECD00E662B2 /* mood6.jpg */,
				9284A1291AF0AECD00E662B2 /* mood7.jpg */,
				9284A12A1AF0AECD00E662B2 /* mood8.jpg */,
				9284A12B1AF0AECD00E662B2 /* playful.png */,
				9284A12C1AF0AECD00E662B2 /* relax.png */,
				9284A12D1AF0AECD00E662B2 /* wealthy.png */,
			);
			path = collectionImages;
			sourceTree = "<group>";
		};
		92A7106E1AEF3E3600376C06 /* Toucan */ = {
			isa = PBXGroup;
			children = (
				92E962E11AF2017400030226 /* Toucan.swift */,
			);
			name = Toucan;
			sourceTree = "<group>";
		};
		92CFFB261AF8663300C9AA7D /* userPanel */ = {
			isa = PBXGroup;
			children = (
				92CF816C1AFB441300625641 /* wechat.png */,
				92CF816D1AFB441300625641 /* weibo.png */,
				92CFFB271AF8663300C9AA7D /* cards.png */,
				92CFFB281AF8663300C9AA7D /* coffee.png */,
				92CFFB291AF8663300C9AA7D /* gift.png */,
				92CFFB2A1AF8663300C9AA7D /* image.png */,
				92CFFB2B1AF8663300C9AA7D /* like.png */,
				92CFFB2C1AF8663300C9AA7D /* shopping-bag.png */,
				92CFFB2D1AF8663300C9AA7D /* ticket.png */,
				92CFFB2E1AF8663400C9AA7D /* user.png */,
			);
			path = userPanel;
			sourceTree = "<group>";
		};
		92E310271AEDD22E00771CAC /* model */ = {
			isa = PBXGroup;
			children = (
				9227E2C61AE8DCCC008C6381 /* iMenu3.xcdatamodeld */,
				92B10EC41B00993C00E0674F /* Member.swift */,
				92E310281AEDD22E00771CAC /* FoodItem.swift */,
				9286337F1B0AE6070040CBA2 /* Settings.swift */,
			);
			name = model;
			path = Classes/model;
			sourceTree = "<group>";
		};
		92F3B04F1B003629003A6D76 /* ShareSDK */ = {
			isa = PBXGroup;
			children = (
				92F3B0501B00362A003A6D76 /* Connection */,
				92F3B0541B00362A003A6D76 /* Core */,
				92F3B05B1B00362A003A6D76 /* Extend */,
				92F3B0641B00362A003A6D76 /* ShareSDK.framework */,
				92F3B0651B00362A003A6D76 /* UI */,
			);
			path = ShareSDK;
			sourceTree = "<group>";
		};
		92F3B0501B00362A003A6D76 /* Connection */ = {
			isa = PBXGroup;
			children = (
				92F3B0511B00362A003A6D76 /* SinaWeiboConnection.framework */,
				92F3B0521B00362A003A6D76 /* SMSConnection.framework */,
				92F3B0531B00362A003A6D76 /* WeChatConnection.framework */,
			);
			path = Connection;
			sourceTree = "<group>";
		};
		92F3B0541B00362A003A6D76 /* Core */ = {
			isa = PBXGroup;
			children = (
				92F3B0551B00362A003A6D76 /* AGCommon.framework */,
				92F3B0561B00362A003A6D76 /* ShareSDKLocalizable.strings */,
				92F3B0581B00362A003A6D76 /* Resource.bundle */,
				92F3B0591B00362A003A6D76 /* ShareSDKCoreService.framework */,
			);
			path = Core;
			sourceTree = "<group>";
		};
		92F3B05B1B00362A003A6D76 /* Extend */ = {
			isa = PBXGroup;
			children = (
				92F3B05C1B00362A003A6D76 /* SinaWeiboSDK */,
				92F3B0601B00362A003A6D76 /* WeChatSDK */,
			);
			path = Extend;
			sourceTree = "<group>";
		};
		92F3B05C1B00362A003A6D76 /* SinaWeiboSDK */ = {
			isa = PBXGroup;
			children = (
				92F3B05D1B00362A003A6D76 /* libWeiboSDK.a */,
				92F3B05E1B00362A003A6D76 /* WeiboSDK.bundle */,
				92F3B05F1B00362A003A6D76 /* WeiboSDK.h */,
			);
			path = SinaWeiboSDK;
			sourceTree = "<group>";
		};
		92F3B0601B00362A003A6D76 /* WeChatSDK */ = {
			isa = PBXGroup;
			children = (
				92F3B0611B00362A003A6D76 /* libWeChatSDK.a */,
				92F3B0621B00362A003A6D76 /* WXApi.h */,
				92F3B0631B00362A003A6D76 /* WXApiObject.h */,
			);
			path = WeChatSDK;
			sourceTree = "<group>";
		};
		92F3B0651B00362A003A6D76 /* UI */ = {
			isa = PBXGroup;
			children = (
				92F3B0661B00362A003A6D76 /* ShareSDKFlatShareViewUI.bundle */,
				92F3B0671B00362A003A6D76 /* ShareSDKFlatShareViewUI.framework */,
				92F3B0681B00362A003A6D76 /* ShareSDKShareActionSheet.framework */,
			);
			path = UI;
			sourceTree = "<group>";
		};
		92F51C8A1AEDE7D300FDD50C /* Assets */ = {
			isa = PBXGroup;
			children = (
				922412971B2012120049A9B5 /* buttonIcon */,
				92CFFB261AF8663300C9AA7D /* userPanel */,
				9284A11D1AF0AECD00E662B2 /* collectionImages */,
				92F51C8B1AEDE7D300FDD50C /* foodImageLarge */,
			);
			path = Assets;
			sourceTree = "<group>";
		};
		92F51C8B1AEDE7D300FDD50C /* foodImageLarge */ = {
			isa = PBXGroup;
			children = (
				92F51C8C1AEDE7D300FDD50C /* hagaki.jpg */,
			);
			path = foodImageLarge;
			sourceTree = "<group>";
		};
		C08401B725EE433811DEF9EA /* Pods */ = {
			isa = PBXGroup;
			children = (
				0C40656762C7729B9DD514C9 /* Pods.debug.xcconfig */,
				F1602DDA1EBACDED044ADFD3 /* Pods.release.xcconfig */,
			);
			name = Pods;
			sourceTree = "<group>";
		};
/* End PBXGroup section */

/* Begin PBXNativeTarget section */
		9227E2BE1AE8DCCC008C6381 /* iMenu3 */ = {
			isa = PBXNativeTarget;
			buildConfigurationList = 9227E2E11AE8DCCC008C6381 /* Build configuration list for PBXNativeTarget "iMenu3" */;
			buildPhases = (
				CB3DBB5979161AB5B68209CD /* Check Pods Manifest.lock */,
				9227E2BB1AE8DCCC008C6381 /* Sources */,
				9227E2BC1AE8DCCC008C6381 /* Frameworks */,
				9227E2BD1AE8DCCC008C6381 /* Resources */,
				80B6A51EA78FED3A3AB5B34E /* Embed Pods Frameworks */,
				FB79D419BCCE9B1D9ED849A1 /* Copy Pods Resources */,
			);
			buildRules = (
			);
			dependencies = (
			);
			name = iMenu3;
			productName = iMenu3;
			productReference = 9227E2BF1AE8DCCC008C6381 /* iMenu3.app */;
			productType = "com.apple.product-type.application";
		};
		9227E2D61AE8DCCC008C6381 /* iMenu3Tests */ = {
			isa = PBXNativeTarget;
			buildConfigurationList = 9227E2E41AE8DCCC008C6381 /* Build configuration list for PBXNativeTarget "iMenu3Tests" */;
			buildPhases = (
				9227E2D31AE8DCCC008C6381 /* Sources */,
				9227E2D41AE8DCCC008C6381 /* Frameworks */,
				9227E2D51AE8DCCC008C6381 /* Resources */,
			);
			buildRules = (
			);
			dependencies = (
				9227E2D91AE8DCCC008C6381 /* PBXTargetDependency */,
			);
			name = iMenu3Tests;
			productName = iMenu3Tests;
			productReference = 9227E2D71AE8DCCC008C6381 /* iMenu3Tests.xctest */;
			productType = "com.apple.product-type.bundle.unit-test";
		};
/* End PBXNativeTarget section */

/* Begin PBXProject section */
		9227E2B71AE8DCCC008C6381 /* Project object */ = {
			isa = PBXProject;
			attributes = {
				LastUpgradeCheck = 0630;
				ORGANIZATIONNAME = "Siyo Technology Co., Ltd.";
				TargetAttributes = {
					9227E2BE1AE8DCCC008C6381 = {
						CreatedOnToolsVersion = 6.3;
					};
					9227E2D61AE8DCCC008C6381 = {
						CreatedOnToolsVersion = 6.3;
						TestTargetID = 9227E2BE1AE8DCCC008C6381;
					};
				};
			};
			buildConfigurationList = 9227E2BA1AE8DCCC008C6381 /* Build configuration list for PBXProject "iMenu3" */;
			compatibilityVersion = "Xcode 3.2";
			developmentRegion = English;
			hasScannedForEncodings = 0;
			knownRegions = (
				en,
				Base,
				"zh-Hans",
			);
			mainGroup = 9227E2B61AE8DCCC008C6381;
			productRefGroup = 9227E2C01AE8DCCC008C6381 /* Products */;
			projectDirPath = "";
			projectRoot = "";
			targets = (
				9227E2BE1AE8DCCC008C6381 /* iMenu3 */,
				9227E2D61AE8DCCC008C6381 /* iMenu3Tests */,
			);
		};
/* End PBXProject section */

/* Begin PBXResourcesBuildPhase section */
		9227E2BD1AE8DCCC008C6381 /* Resources */ = {
			isa = PBXResourcesBuildPhase;
			buildActionMask = 2147483647;
			files = (
				922412AC1B20122A0049A9B5 /* cloud_light.png in Resources */,
				9282050F1AEDE1330067BB92 /* Info.plist in Resources */,
				9284A1311AF0AECD00E662B2 /* hungry.png in Resources */,
				9284A1371AF0AECD00E662B2 /* mood5.jpg in Resources */,
				92CFFB2F1AF8663400C9AA7D /* cards.png in Resources */,
				9284A12F1AF0AECD00E662B2 /* adventurous.png in Resources */,
				922412A71B20122A0049A9B5 /* bulb@2x.png in Resources */,
				92CFFB311AF8663400C9AA7D /* gift.png in Resources */,
				922412AE1B20122A0049A9B5 /* cloud.png in Resources */,
				9227E2CD1AE8DCCC008C6381 /* Main.storyboard in Resources */,
				9284A1391AF0AECD00E662B2 /* mood7.jpg in Resources */,
				922412A91B20122A0049A9B5 /* clip_light@2x.png in Resources */,
				922412A51B20122A0049A9B5 /* bulb_light@2x.png in Resources */,
				9284A1351AF0AECD00E662B2 /* mood3.jpg in Resources */,
				92CF816F1AFB441300625641 /* weibo.png in Resources */,
				922412A61B20122A0049A9B5 /* bulb.png in Resources */,
				92F3B06D1B00362A003A6D76 /* ShareSDKLocalizable.strings in Resources */,
				92E3586D1B1D455700D61119 /* brand.jpg in Resources */,
				92CFFB351AF8663400C9AA7D /* ticket.png in Resources */,
				92F3B06E1B00362A003A6D76 /* Resource.bundle in Resources */,
				92F3B0711B00362A003A6D76 /* WeiboSDK.bundle in Resources */,
				922412AA1B20122A0049A9B5 /* clip.png in Resources */,
				9227E2D21AE8DCCC008C6381 /* LaunchScreen.xib in Resources */,
				92CFFB361AF8663400C9AA7D /* user.png in Resources */,
				92CFFB331AF8663400C9AA7D /* like.png in Resources */,
				92CF816E1AFB441300625641 /* wechat.png in Resources */,
				9284A13C1AF0AECD00E662B2 /* relax.png in Resources */,
				9284A1341AF0AECD00E662B2 /* mood2.jpg in Resources */,
				92F51C8D1AEDE7D300FDD50C /* hagaki.jpg in Resources */,
				9284A1321AF0AECD00E662B2 /* loved.png in Resources */,
				92CFFB321AF8663400C9AA7D /* image.png in Resources */,
				92F3B0741B00362A003A6D76 /* ShareSDKFlatShareViewUI.bundle in Resources */,
				922412AF1B20122A0049A9B5 /* cloud@2x.png in Resources */,
				9284A13A1AF0AECD00E662B2 /* mood8.jpg in Resources */,
				9284A13B1AF0AECD00E662B2 /* playful.png in Resources */,
				922412AD1B20122A0049A9B5 /* cloud_light@2x.png in Resources */,
				9284A1361AF0AECD00E662B2 /* mood4.jpg in Resources */,
				92CFFB341AF8663400C9AA7D /* shopping-bag.png in Resources */,
				9227E2CF1AE8DCCC008C6381 /* Images.xcassets in Resources */,
				9284A1301AF0AECD00E662B2 /* happy.png in Resources */,
				922412AB1B20122A0049A9B5 /* clip@2x.png in Resources */,
				9284A13D1AF0AECD00E662B2 /* wealthy.png in Resources */,
				9284A1381AF0AECD00E662B2 /* mood6.jpg in Resources */,
				9284A1331AF0AECD00E662B2 /* mood1.jpg in Resources */,
				9284A12E1AF0AECD00E662B2 /* active.png in Resources */,
				922412A81B20122A0049A9B5 /* clip_light.png in Resources */,
				92CFFB301AF8663400C9AA7D /* coffee.png in Resources */,
				922412A41B20122A0049A9B5 /* bulb_light.png in Resources */,
			);
			runOnlyForDeploymentPostprocessing = 0;
		};
		9227E2D51AE8DCCC008C6381 /* Resources */ = {
			isa = PBXResourcesBuildPhase;
			buildActionMask = 2147483647;
			files = (
			);
			runOnlyForDeploymentPostprocessing = 0;
		};
/* End PBXResourcesBuildPhase section */

/* Begin PBXShellScriptBuildPhase section */
		80B6A51EA78FED3A3AB5B34E /* Embed Pods Frameworks */ = {
			isa = PBXShellScriptBuildPhase;
			buildActionMask = 2147483647;
			files = (
			);
			inputPaths = (
			);
			name = "Embed Pods Frameworks";
			outputPaths = (
			);
			runOnlyForDeploymentPostprocessing = 0;
			shellPath = /bin/sh;
			shellScript = "\"${SRCROOT}/Pods/Target Support Files/Pods/Pods-frameworks.sh\"\n";
			showEnvVarsInLog = 0;
		};
		CB3DBB5979161AB5B68209CD /* Check Pods Manifest.lock */ = {
			isa = PBXShellScriptBuildPhase;
			buildActionMask = 2147483647;
			files = (
			);
			inputPaths = (
			);
			name = "Check Pods Manifest.lock";
			outputPaths = (
			);
			runOnlyForDeploymentPostprocessing = 0;
			shellPath = /bin/sh;
			shellScript = "diff \"${PODS_ROOT}/../Podfile.lock\" \"${PODS_ROOT}/Manifest.lock\" > /dev/null\nif [[ $? != 0 ]] ; then\n    cat << EOM\nerror: The sandbox is not in sync with the Podfile.lock. Run 'pod install' or update your CocoaPods installation.\nEOM\n    exit 1\nfi\n";
			showEnvVarsInLog = 0;
		};
		FB79D419BCCE9B1D9ED849A1 /* Copy Pods Resources */ = {
			isa = PBXShellScriptBuildPhase;
			buildActionMask = 2147483647;
			files = (
			);
			inputPaths = (
			);
			name = "Copy Pods Resources";
			outputPaths = (
			);
			runOnlyForDeploymentPostprocessing = 0;
			shellPath = /bin/sh;
			shellScript = "\"${SRCROOT}/Pods/Target Support Files/Pods/Pods-resources.sh\"\n";
			showEnvVarsInLog = 0;
		};
/* End PBXShellScriptBuildPhase section */

/* Begin PBXSourcesBuildPhase section */
		9227E2BB1AE8DCCC008C6381 /* Sources */ = {
			isa = PBXSourcesBuildPhase;
			buildActionMask = 2147483647;
			files = (
				927779DD1B0B0304002A50EB /* FlatUIColor.swift in Sources */,
				927779DE1B0B0304002A50EB /* JSSAlertView.swift in Sources */,
				9293BBCB1B01A1D80034F3C5 /* CustomDrawView.swift in Sources */,
				92987A5F1AFD1906001576B9 /* ResetMyPasscodeViewController.swift in Sources */,
				9280E4481B14444B00959798 /* Reachability.swift in Sources */,
				927779D61B0B02F3002A50EB /* FloatLabelTextField.swift in Sources */,
				9267443F1B1855C60075EDB5 /* EditUserInfoViewController.swift in Sources */,
				92BD603E1B05DEDF00649DDF /* UserInfoCell.swift in Sources */,
				9282050E1AEDE1330067BB92 /* BreezeStore.swift in Sources */,
				9282050D1AEDE1330067BB92 /* BreezeStore+Saving.swift in Sources */,
				9227E2C81AE8DCCC008C6381 /* iMenu3.xcdatamodeld in Sources */,
				928633751B0AE43B0040CBA2 /* UserPanelViewController.swift in Sources */,
				92B0F0ED1B12FF2E009F368B /* StringExt.swift in Sources */,
				922412951B200D560049A9B5 /* SMSegment.swift in Sources */,
				9227E2EE1AE8E4AE008C6381 /* FoodListTableViewCell.swift in Sources */,
				9284A14B1AF1B98100E662B2 /* VCheckGo.swift in Sources */,
				9284A13F1AF0AF2500E662B2 /* FoodCollectionsViewController.swift in Sources */,
				92CFFB381AF8CCB600C9AA7D /* VCMemberLoginViewController.swift in Sources */,
				9203E68D1B0063FD00407F66 /* ShareSDKContentController.m in Sources */,
				9293BBC91B018ECC0034F3C5 /* RegisterViewController.swift in Sources */,
				927779DC1B0B0304002A50EB /* CTMemCache.swift in Sources */,
				9227E2E81AE8DDD9008C6381 /* FoodListController.swift in Sources */,
				9227E2C51AE8DCCC008C6381 /* AppDelegate.swift in Sources */,
				928633801B0AE6070040CBA2 /* Settings.swift in Sources */,
				92FA19471AFCCA8400D33538 /* FindMyPasscodeViewController.swift in Sources */,
				9284A1451AF0CFCF00E662B2 /* VCAppLetor.swift in Sources */,
				928205111AEDE1330067BB92 /* NSManagedObject+Deleting.swift in Sources */,
				929DCAC41B0588B90050B63F /* RegSetPassViewController.swift in Sources */,
				92E962E21AF2017400030226 /* Toucan.swift in Sources */,
				922412961B200D560049A9B5 /* SMSegmentView.swift in Sources */,
				9284A1411AF0AF5400E662B2 /* FoodCollectionsViewCell.swift in Sources */,
				928205101AEDE1330067BB92 /* NSManagedObject+Creating.swift in Sources */,
				9282050B1AEDE1330067BB92 /* BreezeStore+Defaults.swift in Sources */,
				92B10EC51B00993C00E0674F /* Member.swift in Sources */,
				922412911B1FE2C20049A9B5 /* FoodDetailScrollView.swift in Sources */,
				9223DD311B15692E0072BFF1 /* VCBaseViewController.swift in Sources */,
				9282050C1AEDE1330067BB92 /* BreezeStore+iCloud.swift in Sources */,
				92FA19491AFCD6CE00D33538 /* SMSCodeViewController.swift in Sources */,
				92E310291AEDD22E00771CAC /* FoodItem.swift in Sources */,
				928205121AEDE1330067BB92 /* NSManagedObject+Finding.swift in Sources */,
				929DCAC21B0578800050B63F /* VCTermsViewController.swift in Sources */,
				927779D71B0B02F3002A50EB /* FloatLabelTextView.swift in Sources */,
				9259050B1B098EEE00F343D4 /* UserInfoHeaderView.swift in Sources */,
				92CFFB251AF774F700C9AA7D /* UserPanelTableViewCell.swift in Sources */,
				928205131AEDE1330067BB92 /* NSManagedObjectContext+Breeze.swift in Sources */,
				928B2FBA1B2150AF001FA746 /* FoodViewerViewController.swift in Sources */,
				92BD603C1B05DE8900649DDF /* UserInfoViewController.swift in Sources */,
			);
			runOnlyForDeploymentPostprocessing = 0;
		};
		9227E2D31AE8DCCC008C6381 /* Sources */ = {
			isa = PBXSourcesBuildPhase;
			buildActionMask = 2147483647;
			files = (
				9227E2DE1AE8DCCC008C6381 /* iMenu3Tests.swift in Sources */,
			);
			runOnlyForDeploymentPostprocessing = 0;
		};
/* End PBXSourcesBuildPhase section */

/* Begin PBXTargetDependency section */
		9227E2D91AE8DCCC008C6381 /* PBXTargetDependency */ = {
			isa = PBXTargetDependency;
			target = 9227E2BE1AE8DCCC008C6381 /* iMenu3 */;
			targetProxy = 9227E2D81AE8DCCC008C6381 /* PBXContainerItemProxy */;
		};
/* End PBXTargetDependency section */

/* Begin PBXVariantGroup section */
		9227E2CB1AE8DCCC008C6381 /* Main.storyboard */ = {
			isa = PBXVariantGroup;
			children = (
				9227E2CC1AE8DCCC008C6381 /* Base */,
			);
			name = Main.storyboard;
			sourceTree = "<group>";
		};
		9227E2D01AE8DCCC008C6381 /* LaunchScreen.xib */ = {
			isa = PBXVariantGroup;
			children = (
				9227E2D11AE8DCCC008C6381 /* Base */,
			);
			name = LaunchScreen.xib;
			sourceTree = "<group>";
		};
		92F3B0561B00362A003A6D76 /* ShareSDKLocalizable.strings */ = {
			isa = PBXVariantGroup;
			children = (
				92F3B0571B00362A003A6D76 /* en */,
				92F3B05A1B00362A003A6D76 /* zh-Hans */,
			);
			name = ShareSDKLocalizable.strings;
			sourceTree = "<group>";
		};
/* End PBXVariantGroup section */

/* Begin XCBuildConfiguration section */
		9227E2DF1AE8DCCC008C6381 /* Debug */ = {
			isa = XCBuildConfiguration;
			buildSettings = {
				ALWAYS_SEARCH_USER_PATHS = NO;
				CLANG_CXX_LANGUAGE_STANDARD = "gnu++0x";
				CLANG_CXX_LIBRARY = "libc++";
				CLANG_ENABLE_MODULES = YES;
				CLANG_ENABLE_OBJC_ARC = YES;
				CLANG_WARN_BOOL_CONVERSION = YES;
				CLANG_WARN_CONSTANT_CONVERSION = YES;
				CLANG_WARN_DIRECT_OBJC_ISA_USAGE = YES_ERROR;
				CLANG_WARN_EMPTY_BODY = YES;
				CLANG_WARN_ENUM_CONVERSION = YES;
				CLANG_WARN_INT_CONVERSION = YES;
				CLANG_WARN_OBJC_ROOT_CLASS = YES_ERROR;
				CLANG_WARN_UNREACHABLE_CODE = YES;
				CLANG_WARN__DUPLICATE_METHOD_MATCH = YES;
				"CODE_SIGN_IDENTITY[sdk=iphoneos*]" = "iPhone Developer";
				COPY_PHASE_STRIP = NO;
				DEBUG_INFORMATION_FORMAT = "dwarf-with-dsym";
				ENABLE_STRICT_OBJC_MSGSEND = YES;
				GCC_C_LANGUAGE_STANDARD = gnu99;
				GCC_DYNAMIC_NO_PIC = NO;
				GCC_NO_COMMON_BLOCKS = YES;
				GCC_OPTIMIZATION_LEVEL = 0;
				GCC_PREPROCESSOR_DEFINITIONS = (
					"DEBUG=1",
					"$(inherited)",
				);
				GCC_SYMBOLS_PRIVATE_EXTERN = NO;
				GCC_WARN_64_TO_32_BIT_CONVERSION = YES;
				GCC_WARN_ABOUT_RETURN_TYPE = YES_ERROR;
				GCC_WARN_UNDECLARED_SELECTOR = YES;
				GCC_WARN_UNINITIALIZED_AUTOS = YES_AGGRESSIVE;
				GCC_WARN_UNUSED_FUNCTION = YES;
				GCC_WARN_UNUSED_VARIABLE = YES;
				IPHONEOS_DEPLOYMENT_TARGET = 8.3;
				MTL_ENABLE_DEBUG_INFO = YES;
				ONLY_ACTIVE_ARCH = YES;
				SDKROOT = iphoneos;
				SWIFT_OPTIMIZATION_LEVEL = "-Onone";
				TARGETED_DEVICE_FAMILY = "1,2";
			};
			name = Debug;
		};
		9227E2E01AE8DCCC008C6381 /* Release */ = {
			isa = XCBuildConfiguration;
			buildSettings = {
				ALWAYS_SEARCH_USER_PATHS = NO;
				CLANG_CXX_LANGUAGE_STANDARD = "gnu++0x";
				CLANG_CXX_LIBRARY = "libc++";
				CLANG_ENABLE_MODULES = YES;
				CLANG_ENABLE_OBJC_ARC = YES;
				CLANG_WARN_BOOL_CONVERSION = YES;
				CLANG_WARN_CONSTANT_CONVERSION = YES;
				CLANG_WARN_DIRECT_OBJC_ISA_USAGE = YES_ERROR;
				CLANG_WARN_EMPTY_BODY = YES;
				CLANG_WARN_ENUM_CONVERSION = YES;
				CLANG_WARN_INT_CONVERSION = YES;
				CLANG_WARN_OBJC_ROOT_CLASS = YES_ERROR;
				CLANG_WARN_UNREACHABLE_CODE = YES;
				CLANG_WARN__DUPLICATE_METHOD_MATCH = YES;
				"CODE_SIGN_IDENTITY[sdk=iphoneos*]" = "iPhone Developer";
				COPY_PHASE_STRIP = NO;
				DEBUG_INFORMATION_FORMAT = "dwarf-with-dsym";
				ENABLE_NS_ASSERTIONS = NO;
				ENABLE_STRICT_OBJC_MSGSEND = YES;
				GCC_C_LANGUAGE_STANDARD = gnu99;
				GCC_NO_COMMON_BLOCKS = YES;
				GCC_WARN_64_TO_32_BIT_CONVERSION = YES;
				GCC_WARN_ABOUT_RETURN_TYPE = YES_ERROR;
				GCC_WARN_UNDECLARED_SELECTOR = YES;
				GCC_WARN_UNINITIALIZED_AUTOS = YES_AGGRESSIVE;
				GCC_WARN_UNUSED_FUNCTION = YES;
				GCC_WARN_UNUSED_VARIABLE = YES;
				IPHONEOS_DEPLOYMENT_TARGET = 8.3;
				MTL_ENABLE_DEBUG_INFO = NO;
				SDKROOT = iphoneos;
				TARGETED_DEVICE_FAMILY = "1,2";
				VALIDATE_PRODUCT = YES;
			};
			name = Release;
		};
		9227E2E21AE8DCCC008C6381 /* Debug */ = {
			isa = XCBuildConfiguration;
			baseConfigurationReference = 0C40656762C7729B9DD514C9 /* Pods.debug.xcconfig */;
			buildSettings = {
				ASSETCATALOG_COMPILER_APPICON_NAME = AppIcon;
				FRAMEWORK_SEARCH_PATHS = (
					"$(inherited)",
					"$(PROJECT_DIR)/iMenu3/ShareSDK/Connection",
					"$(PROJECT_DIR)/iMenu3/ShareSDK/Core",
					"$(PROJECT_DIR)/iMenu3/ShareSDK",
					"$(PROJECT_DIR)/iMenu3/ShareSDK/UI",
				);
				INFOPLIST_FILE = iMenu3/Info.plist;
				LD_RUNPATH_SEARCH_PATHS = "$(inherited) @executable_path/Frameworks";
				LIBRARY_SEARCH_PATHS = (
					"$(inherited)",
					"$(PROJECT_DIR)/iMenu3/ShareSDK/Extend/SinaWeiboSDK",
					"$(PROJECT_DIR)/iMenu3/ShareSDK/Extend/WeChatSDK",
				);
				OTHER_SWIFT_FLAGS = "$(inherited) \"-D\" \"COCOAPODS\" -D DEBUG";
				PRODUCT_NAME = "$(TARGET_NAME)";
				SWIFT_OBJC_BRIDGING_HEADER = "iMenu3/iMenu3-Bridging-Header.h";
			};
			name = Debug;
		};
		9227E2E31AE8DCCC008C6381 /* Release */ = {
			isa = XCBuildConfiguration;
			baseConfigurationReference = F1602DDA1EBACDED044ADFD3 /* Pods.release.xcconfig */;
			buildSettings = {
				ASSETCATALOG_COMPILER_APPICON_NAME = AppIcon;
				FRAMEWORK_SEARCH_PATHS = (
					"$(inherited)",
					"$(PROJECT_DIR)/iMenu3/ShareSDK/Connection",
					"$(PROJECT_DIR)/iMenu3/ShareSDK/Core",
					"$(PROJECT_DIR)/iMenu3/ShareSDK",
					"$(PROJECT_DIR)/iMenu3/ShareSDK/UI",
				);
				INFOPLIST_FILE = iMenu3/Info.plist;
				LD_RUNPATH_SEARCH_PATHS = "$(inherited) @executable_path/Frameworks";
				LIBRARY_SEARCH_PATHS = (
					"$(inherited)",
					"$(PROJECT_DIR)/iMenu3/ShareSDK/Extend/SinaWeiboSDK",
					"$(PROJECT_DIR)/iMenu3/ShareSDK/Extend/WeChatSDK",
				);
				PRODUCT_NAME = "$(TARGET_NAME)";
				SWIFT_OBJC_BRIDGING_HEADER = "iMenu3/iMenu3-Bridging-Header.h";
			};
			name = Release;
		};
		9227E2E51AE8DCCC008C6381 /* Debug */ = {
			isa = XCBuildConfiguration;
			buildSettings = {
				BUNDLE_LOADER = "$(TEST_HOST)";
				FRAMEWORK_SEARCH_PATHS = (
					"$(SDKROOT)/Developer/Library/Frameworks",
					"$(inherited)",
				);
				GCC_PREPROCESSOR_DEFINITIONS = (
					"DEBUG=1",
					"$(inherited)",
				);
				INFOPLIST_FILE = iMenu3Tests/Info.plist;
				LD_RUNPATH_SEARCH_PATHS = "$(inherited) @executable_path/Frameworks @loader_path/Frameworks";
				PRODUCT_NAME = "$(TARGET_NAME)";
				TEST_HOST = "$(BUILT_PRODUCTS_DIR)/iMenu3.app/iMenu3";
			};
			name = Debug;
		};
		9227E2E61AE8DCCC008C6381 /* Release */ = {
			isa = XCBuildConfiguration;
			buildSettings = {
				BUNDLE_LOADER = "$(TEST_HOST)";
				FRAMEWORK_SEARCH_PATHS = (
					"$(SDKROOT)/Developer/Library/Frameworks",
					"$(inherited)",
				);
				INFOPLIST_FILE = iMenu3Tests/Info.plist;
				LD_RUNPATH_SEARCH_PATHS = "$(inherited) @executable_path/Frameworks @loader_path/Frameworks";
				PRODUCT_NAME = "$(TARGET_NAME)";
				TEST_HOST = "$(BUILT_PRODUCTS_DIR)/iMenu3.app/iMenu3";
			};
			name = Release;
		};
/* End XCBuildConfiguration section */

/* Begin XCConfigurationList section */
		9227E2BA1AE8DCCC008C6381 /* Build configuration list for PBXProject "iMenu3" */ = {
			isa = XCConfigurationList;
			buildConfigurations = (
				9227E2DF1AE8DCCC008C6381 /* Debug */,
				9227E2E01AE8DCCC008C6381 /* Release */,
			);
			defaultConfigurationIsVisible = 0;
			defaultConfigurationName = Release;
		};
		9227E2E11AE8DCCC008C6381 /* Build configuration list for PBXNativeTarget "iMenu3" */ = {
			isa = XCConfigurationList;
			buildConfigurations = (
				9227E2E21AE8DCCC008C6381 /* Debug */,
				9227E2E31AE8DCCC008C6381 /* Release */,
			);
			defaultConfigurationIsVisible = 0;
			defaultConfigurationName = Release;
		};
		9227E2E41AE8DCCC008C6381 /* Build configuration list for PBXNativeTarget "iMenu3Tests" */ = {
			isa = XCConfigurationList;
			buildConfigurations = (
				9227E2E51AE8DCCC008C6381 /* Debug */,
				9227E2E61AE8DCCC008C6381 /* Release */,
			);
			defaultConfigurationIsVisible = 0;
			defaultConfigurationName = Release;
		};
/* End XCConfigurationList section */

/* Begin XCVersionGroup section */
		9227E2C61AE8DCCC008C6381 /* iMenu3.xcdatamodeld */ = {
			isa = XCVersionGroup;
			children = (
				9227E2C71AE8DCCC008C6381 /* iMenu3.xcdatamodel */,
			);
			currentVersion = 9227E2C71AE8DCCC008C6381 /* iMenu3.xcdatamodel */;
			name = iMenu3.xcdatamodeld;
			path = ../../iMenu3.xcdatamodeld;
			sourceTree = "<group>";
			versionGroupType = wrapper.xcdatamodel;
		};
/* End XCVersionGroup section */
	};
	rootObject = 9227E2B71AE8DCCC008C6381 /* Project object */;
}
